
Microsoft Visual Studio Solution File, Format Version 12.00
# Visual Studio 2013
VisualStudioVersion = 12.0.21005.1
MinimumVisualStudioVersion = 10.0.40219.1
Project("{FAE04EC0-301F-11D3-BF4B-00C04F79EFBC}") = "Glass.Design", "Glass\Glass.Design\Glass.Design.csproj", "{38715D1F-E3D5-499E-B381-1F3AD813137D}"
EndProject
Project("{2150E333-8FDC-42A3-9474-1A3956D46DE8}") = ".nuget", ".nuget", "{0C526687-8381-42D9-B34E-6650ABECC854}"
	ProjectSection(SolutionItems) = preProject
		.nuget\NuGet.Config = .nuget\NuGet.Config
		.nuget\NuGet.exe = .nuget\NuGet.exe
		.nuget\NuGet.targets = .nuget\NuGet.targets
	EndProjectSection
EndProject
Project("{FAE04EC0-301F-11D3-BF4B-00C04F79EFBC}") = "Glass.Basics", "Glass\Glass.Basics\Glass.Basics.csproj", "{76C3D50B-CA51-480F-8FCD-40F0EA98F4C6}"
EndProject
Project("{FAE04EC0-301F-11D3-BF4B-00C04F79EFBC}") = "Glass.Design.Tests", "Glass\Glass.Design.Tests\Glass.Design.Tests.csproj", "{DE36AF9C-597F-4F18-9139-92CFBDF3FEC5}"
EndProject
Project("{FAE04EC0-301F-11D3-BF4B-00C04F79EFBC}") = "SampleModel", "SampleModel\SampleModel.csproj", "{D0D18B5A-F5FB-4CF2-BCAC-08603A1FEFDC}"
EndProject
Project("{FAE04EC0-301F-11D3-BF4B-00C04F79EFBC}") = "Glass.Design.Interfaces", "Glass\Glass.Design.Interfaces\Glass.Design.Interfaces.csproj", "{39FA9863-7A33-4DB8-B009-553CD76A9D5F}"
EndProject
Project("{FAE04EC0-301F-11D3-BF4B-00C04F79EFBC}") = "WPFTestApp", "WPFTestApp\WPFTestApp.csproj", "{23BAC105-2E96-4C4E-A2C2-DF6F57CC7768}"
EndProject
Global
	GlobalSection(SolutionConfigurationPlatforms) = preSolution
		Debug|Any CPU = Debug|Any CPU
		Debug|x86 = Debug|x86
		Release|Any CPU = Release|Any CPU
		Release|x86 = Release|x86
	EndGlobalSection
	GlobalSection(ProjectConfigurationPlatforms) = postSolution
		{38715D1F-E3D5-499E-B381-1F3AD813137D}.Debug|Any CPU.ActiveCfg = Debug|Any CPU
		{38715D1F-E3D5-499E-B381-1F3AD813137D}.Debug|Any CPU.Build.0 = Debug|Any CPU
		{38715D1F-E3D5-499E-B381-1F3AD813137D}.Debug|x86.ActiveCfg = Debug|Any CPU
		{38715D1F-E3D5-499E-B381-1F3AD813137D}.Release|Any CPU.ActiveCfg = Release|Any CPU
		{38715D1F-E3D5-499E-B381-1F3AD813137D}.Release|Any CPU.Build.0 = Release|Any CPU
		{38715D1F-E3D5-499E-B381-1F3AD813137D}.Release|x86.ActiveCfg = Release|Any CPU
		{76C3D50B-CA51-480F-8FCD-40F0EA98F4C6}.Debug|Any CPU.ActiveCfg = Debug|Any CPU
		{76C3D50B-CA51-480F-8FCD-40F0EA98F4C6}.Debug|Any CPU.Build.0 = Debug|Any CPU
		{76C3D50B-CA51-480F-8FCD-40F0EA98F4C6}.Debug|x86.ActiveCfg = Debug|x86
		{76C3D50B-CA51-480F-8FCD-40F0EA98F4C6}.Debug|x86.Build.0 = Debug|x86
		{76C3D50B-CA51-480F-8FCD-40F0EA98F4C6}.Release|Any CPU.ActiveCfg = Release|Any CPU
		{76C3D50B-CA51-480F-8FCD-40F0EA98F4C6}.Release|Any CPU.Build.0 = Release|Any CPU
		{76C3D50B-CA51-480F-8FCD-40F0EA98F4C6}.Release|x86.ActiveCfg = Release|x86
		{76C3D50B-CA51-480F-8FCD-40F0EA98F4C6}.Release|x86.Build.0 = Release|x86
		{DE36AF9C-597F-4F18-9139-92CFBDF3FEC5}.Debug|Any CPU.ActiveCfg = Debug|Any CPU
		{DE36AF9C-597F-4F18-9139-92CFBDF3FEC5}.Debug|Any CPU.Build.0 = Debug|Any CPU
		{DE36AF9C-597F-4F18-9139-92CFBDF3FEC5}.Debug|x86.ActiveCfg = Debug|Any CPU
		{DE36AF9C-597F-4F18-9139-92CFBDF3FEC5}.Release|Any CPU.ActiveCfg = Release|Any CPU
		{DE36AF9C-597F-4F18-9139-92CFBDF3FEC5}.Release|Any CPU.Build.0 = Release|Any CPU
		{DE36AF9C-597F-4F18-9139-92CFBDF3FEC5}.Release|x86.ActiveCfg = Release|Any CPU
		{D0D18B5A-F5FB-4CF2-BCAC-08603A1FEFDC}.Debug|Any CPU.ActiveCfg = Debug|Any CPU
		{D0D18B5A-F5FB-4CF2-BCAC-08603A1FEFDC}.Debug|Any CPU.Build.0 = Debug|Any CPU
		{D0D18B5A-F5FB-4CF2-BCAC-08603A1FEFDC}.Debug|x86.ActiveCfg = Debug|Any CPU
		{D0D18B5A-F5FB-4CF2-BCAC-08603A1FEFDC}.Release|Any CPU.ActiveCfg = Release|Any CPU
		{D0D18B5A-F5FB-4CF2-BCAC-08603A1FEFDC}.Release|Any CPU.Build.0 = Release|Any CPU
		{D0D18B5A-F5FB-4CF2-BCAC-08603A1FEFDC}.Release|x86.ActiveCfg = Release|Any CPU
		{39FA9863-7A33-4DB8-B009-553CD76A9D5F}.Debug|Any CPU.ActiveCfg = Debug|Any CPU
		{39FA9863-7A33-4DB8-B009-553CD76A9D5F}.Debug|Any CPU.Build.0 = Debug|Any CPU
		{39FA9863-7A33-4DB8-B009-553CD76A9D5F}.Debug|x86.ActiveCfg = Debug|Any CPU
		{39FA9863-7A33-4DB8-B009-553CD76A9D5F}.Release|Any CPU.ActiveCfg = Release|Any CPU
		{39FA9863-7A33-4DB8-B009-553CD76A9D5F}.Release|Any CPU.Build.0 = Release|Any CPU
		{39FA9863-7A33-4DB8-B009-553CD76A9D5F}.Release|x86.ActiveCfg = Release|Any CPU
		{23BAC105-2E96-4C4E-A2C2-DF6F57CC7768}.Debug|Any CPU.ActiveCfg = Debug|Any CPU
		{23BAC105-2E96-4C4E-A2C2-DF6F57CC7768}.Debug|Any CPU.Build.0 = Debug|Any CPU
		{23BAC105-2E96-4C4E-A2C2-DF6F57CC7768}.Debug|x86.ActiveCfg = Debug|Any CPU
		{23BAC105-2E96-4C4E-A2C2-DF6F57CC7768}.Release|Any CPU.ActiveCfg = Release|Any CPU
		{23BAC105-2E96-4C4E-A2C2-DF6F57CC7768}.Release|Any CPU.Build.0 = Release|Any CPU
		{23BAC105-2E96-4C4E-A2C2-DF6F57CC7768}.Release|x86.ActiveCfg = Release|Any CPU
	EndGlobalSection
	GlobalSection(SolutionProperties) = preSolution
		HideSolutionNode = FALSE
	EndGlobalSection
EndGlobal
