
Microsoft Visual Studio Solution File, Format Version 12.00
# Visual Studio 2013
VisualStudioVersion = 12.0.30110.0
MinimumVisualStudioVersion = 10.0.40219.1
Project("{FAE04EC0-301F-11D3-BF4B-00C04F79EFBC}") = "Glass.Basics.Wpf", "Glass\Glass.Basics\Glass.Basics.Wpf.csproj", "{76C3D50B-CA51-480F-8FCD-40F0EA98F4C6}"
EndProject
Project("{FAE04EC0-301F-11D3-BF4B-00C04F79EFBC}") = "Glass.Design.Tests", "Glass\Glass.Design.Tests\Glass.Design.Tests.csproj", "{DE36AF9C-597F-4F18-9139-92CFBDF3FEC5}"
EndProject
Project("{FAE04EC0-301F-11D3-BF4B-00C04F79EFBC}") = "WPFTestApp", "WPFTestApp\WPFTestApp.csproj", "{23BAC105-2E96-4C4E-A2C2-DF6F57CC7768}"
EndProject
Project("{FAE04EC0-301F-11D3-BF4B-00C04F79EFBC}") = "Glass.Design.Wpf", "glass\Glass.Design.Wpf\Glass.Design.Wpf.csproj", "{B9D1218F-5566-469D-B66C-AC5FFDE1BE2D}"
EndProject
Project("{2150E333-8FDC-42A3-9474-1A3956D46DE8}") = "Tests", "Tests", "{6D6F7AF6-BF20-45C7-86E6-05801E9AB659}"
EndProject
Project("{2150E333-8FDC-42A3-9474-1A3956D46DE8}") = "Glass Library", "Glass Library", "{3449E8A1-9296-45F8-9664-9744E002847E}"
EndProject
Project("{FAE04EC0-301F-11D3-BF4B-00C04F79EFBC}") = "Glass.Design.Pcl", "Glass\Glass.Design.Pcl\Glass.Design.Pcl.csproj", "{39FA9863-7A33-4DB8-B009-553CD76A9D5F}"
EndProject
Project("{FAE04EC0-301F-11D3-BF4B-00C04F79EFBC}") = "SampleModel", "SampleModel\SampleModel.csproj", "{D0D18B5A-F5FB-4CF2-BCAC-08603A1FEFDC}"
EndProject
Project("{FAE04EC0-301F-11D3-BF4B-00C04F79EFBC}") = "SampleModel.Serialization", "SampleModel.Serialization\SampleModel.Serialization.csproj", "{4CDD7D3E-B5FE-40D6-81DD-5E2C44D5A948}"
EndProject
Project("{2150E333-8FDC-42A3-9474-1A3956D46DE8}") = "Object Model", "Object Model", "{8AB1C274-BDFE-4FEF-B5CA-6F4F3A0B5F41}"
EndProject
Project("{2150E333-8FDC-42A3-9474-1A3956D46DE8}") = "WPF", "WPF", "{668D04A7-9C42-44B9-BB5C-5A418771F2EC}"
EndProject
Project("{2150E333-8FDC-42A3-9474-1A3956D46DE8}") = ".nuget", ".nuget", "{91388541-C82E-4C9C-8670-0F855017BCC4}"
	ProjectSection(SolutionItems) = preProject
		.nuget\NuGet.Config = .nuget\NuGet.Config
		.nuget\NuGet.exe = .nuget\NuGet.exe
		.nuget\NuGet.targets = .nuget\NuGet.targets
	EndProjectSection
EndProject
Project("{2150E333-8FDC-42A3-9474-1A3956D46DE8}") = "Samples", "Samples", "{DEFE38CC-4483-4887-ACC1-E63AC3909658}"
EndProject
Project("{2150E333-8FDC-42A3-9474-1A3956D46DE8}") = "Store", "Store", "{8217206C-674D-4136-86DE-99791435C032}"
EndProject
Project("{FAE04EC0-301F-11D3-BF4B-00C04F79EFBC}") = "Glass.Design.WinRT", "Glass\Glass.Design.WinRT\Glass.Design.WinRT.csproj", "{1043FB8A-64B5-42E9-B614-2D6DDEDA3B92}"
EndProject
Project("{FAE04EC0-301F-11D3-BF4B-00C04F79EFBC}") = "ComicDesigner", "ComicDesigner\ComicDesigner.csproj", "{E3214CFE-F626-4D39-8A85-9777D840B6AE}"
EndProject
Project("{2150E333-8FDC-42A3-9474-1A3956D46DE8}") = "ObjectModel", "ObjectModel", "{7635E679-9EF1-47B0-9790-6A7E67EE9A10}"
EndProject
Project("{FAE04EC0-301F-11D3-BF4B-00C04F79EFBC}") = "Model", "ComicDesigner\Model\Model.csproj", "{04367DAD-A033-4F81-A974-089A3D9350D2}"
EndProject
Project("{FAE04EC0-301F-11D3-BF4B-00C04F79EFBC}") = "ComicDesigner.Controls", "ComicDesigner.Controls\ComicDesigner.Controls.csproj", "{E77084E6-5155-4937-9C19-D8C6987E68BF}"
EndProject
Global
	GlobalSection(SolutionConfigurationPlatforms) = preSolution
		Debug|Any CPU = Debug|Any CPU
		Debug|ARM = Debug|ARM
		Debug|x64 = Debug|x64
		Debug|x86 = Debug|x86
		Release|Any CPU = Release|Any CPU
		Release|ARM = Release|ARM
		Release|x64 = Release|x64
		Release|x86 = Release|x86
	EndGlobalSection
	GlobalSection(ProjectConfigurationPlatforms) = postSolution
		{76C3D50B-CA51-480F-8FCD-40F0EA98F4C6}.Debug|Any CPU.ActiveCfg = Debug|Any CPU
		{76C3D50B-CA51-480F-8FCD-40F0EA98F4C6}.Debug|Any CPU.Build.0 = Debug|Any CPU
		{76C3D50B-CA51-480F-8FCD-40F0EA98F4C6}.Debug|ARM.ActiveCfg = Debug|Any CPU
		{76C3D50B-CA51-480F-8FCD-40F0EA98F4C6}.Debug|x64.ActiveCfg = Debug|Any CPU
		{76C3D50B-CA51-480F-8FCD-40F0EA98F4C6}.Debug|x86.ActiveCfg = Debug|x86
		{76C3D50B-CA51-480F-8FCD-40F0EA98F4C6}.Debug|x86.Build.0 = Debug|x86
		{76C3D50B-CA51-480F-8FCD-40F0EA98F4C6}.Release|Any CPU.ActiveCfg = Release|Any CPU
		{76C3D50B-CA51-480F-8FCD-40F0EA98F4C6}.Release|Any CPU.Build.0 = Release|Any CPU
		{76C3D50B-CA51-480F-8FCD-40F0EA98F4C6}.Release|ARM.ActiveCfg = Release|Any CPU
		{76C3D50B-CA51-480F-8FCD-40F0EA98F4C6}.Release|x64.ActiveCfg = Release|Any CPU
		{76C3D50B-CA51-480F-8FCD-40F0EA98F4C6}.Release|x86.ActiveCfg = Release|x86
		{76C3D50B-CA51-480F-8FCD-40F0EA98F4C6}.Release|x86.Build.0 = Release|x86
		{DE36AF9C-597F-4F18-9139-92CFBDF3FEC5}.Debug|Any CPU.ActiveCfg = Debug|Any CPU
		{DE36AF9C-597F-4F18-9139-92CFBDF3FEC5}.Debug|Any CPU.Build.0 = Debug|Any CPU
		{DE36AF9C-597F-4F18-9139-92CFBDF3FEC5}.Debug|ARM.ActiveCfg = Debug|Any CPU
		{DE36AF9C-597F-4F18-9139-92CFBDF3FEC5}.Debug|x64.ActiveCfg = Debug|Any CPU
		{DE36AF9C-597F-4F18-9139-92CFBDF3FEC5}.Debug|x86.ActiveCfg = Debug|Any CPU
		{DE36AF9C-597F-4F18-9139-92CFBDF3FEC5}.Release|Any CPU.ActiveCfg = Release|Any CPU
		{DE36AF9C-597F-4F18-9139-92CFBDF3FEC5}.Release|Any CPU.Build.0 = Release|Any CPU
		{DE36AF9C-597F-4F18-9139-92CFBDF3FEC5}.Release|ARM.ActiveCfg = Release|Any CPU
		{DE36AF9C-597F-4F18-9139-92CFBDF3FEC5}.Release|x64.ActiveCfg = Release|Any CPU
		{DE36AF9C-597F-4F18-9139-92CFBDF3FEC5}.Release|x86.ActiveCfg = Release|Any CPU
		{23BAC105-2E96-4C4E-A2C2-DF6F57CC7768}.Debug|Any CPU.ActiveCfg = Debug|Any CPU
		{23BAC105-2E96-4C4E-A2C2-DF6F57CC7768}.Debug|Any CPU.Build.0 = Debug|Any CPU
		{23BAC105-2E96-4C4E-A2C2-DF6F57CC7768}.Debug|ARM.ActiveCfg = Debug|Any CPU
		{23BAC105-2E96-4C4E-A2C2-DF6F57CC7768}.Debug|x64.ActiveCfg = Debug|Any CPU
		{23BAC105-2E96-4C4E-A2C2-DF6F57CC7768}.Debug|x86.ActiveCfg = Debug|Any CPU
		{23BAC105-2E96-4C4E-A2C2-DF6F57CC7768}.Release|Any CPU.ActiveCfg = Release|Any CPU
		{23BAC105-2E96-4C4E-A2C2-DF6F57CC7768}.Release|Any CPU.Build.0 = Release|Any CPU
		{23BAC105-2E96-4C4E-A2C2-DF6F57CC7768}.Release|ARM.ActiveCfg = Release|Any CPU
		{23BAC105-2E96-4C4E-A2C2-DF6F57CC7768}.Release|x64.ActiveCfg = Release|Any CPU
		{23BAC105-2E96-4C4E-A2C2-DF6F57CC7768}.Release|x86.ActiveCfg = Release|Any CPU
		{B9D1218F-5566-469D-B66C-AC5FFDE1BE2D}.Debug|Any CPU.ActiveCfg = Debug|Any CPU
		{B9D1218F-5566-469D-B66C-AC5FFDE1BE2D}.Debug|Any CPU.Build.0 = Debug|Any CPU
		{B9D1218F-5566-469D-B66C-AC5FFDE1BE2D}.Debug|ARM.ActiveCfg = Debug|Any CPU
		{B9D1218F-5566-469D-B66C-AC5FFDE1BE2D}.Debug|x64.ActiveCfg = Debug|Any CPU
		{B9D1218F-5566-469D-B66C-AC5FFDE1BE2D}.Debug|x86.ActiveCfg = Debug|Any CPU
		{B9D1218F-5566-469D-B66C-AC5FFDE1BE2D}.Release|Any CPU.ActiveCfg = Release|Any CPU
		{B9D1218F-5566-469D-B66C-AC5FFDE1BE2D}.Release|Any CPU.Build.0 = Release|Any CPU
		{B9D1218F-5566-469D-B66C-AC5FFDE1BE2D}.Release|ARM.ActiveCfg = Release|Any CPU
		{B9D1218F-5566-469D-B66C-AC5FFDE1BE2D}.Release|x64.ActiveCfg = Release|Any CPU
		{B9D1218F-5566-469D-B66C-AC5FFDE1BE2D}.Release|x86.ActiveCfg = Release|Any CPU
		{39FA9863-7A33-4DB8-B009-553CD76A9D5F}.Debug|Any CPU.ActiveCfg = Debug|Any CPU
		{39FA9863-7A33-4DB8-B009-553CD76A9D5F}.Debug|Any CPU.Build.0 = Debug|Any CPU
		{39FA9863-7A33-4DB8-B009-553CD76A9D5F}.Debug|ARM.ActiveCfg = Debug|Any CPU
		{39FA9863-7A33-4DB8-B009-553CD76A9D5F}.Debug|x64.ActiveCfg = Debug|Any CPU
		{39FA9863-7A33-4DB8-B009-553CD76A9D5F}.Debug|x86.ActiveCfg = Debug|Any CPU
		{39FA9863-7A33-4DB8-B009-553CD76A9D5F}.Release|Any CPU.ActiveCfg = Release|Any CPU
		{39FA9863-7A33-4DB8-B009-553CD76A9D5F}.Release|Any CPU.Build.0 = Release|Any CPU
		{39FA9863-7A33-4DB8-B009-553CD76A9D5F}.Release|ARM.ActiveCfg = Release|Any CPU
		{39FA9863-7A33-4DB8-B009-553CD76A9D5F}.Release|x64.ActiveCfg = Release|Any CPU
		{39FA9863-7A33-4DB8-B009-553CD76A9D5F}.Release|x86.ActiveCfg = Release|Any CPU
		{D0D18B5A-F5FB-4CF2-BCAC-08603A1FEFDC}.Debug|Any CPU.ActiveCfg = Debug|Any CPU
		{D0D18B5A-F5FB-4CF2-BCAC-08603A1FEFDC}.Debug|Any CPU.Build.0 = Debug|Any CPU
		{D0D18B5A-F5FB-4CF2-BCAC-08603A1FEFDC}.Debug|ARM.ActiveCfg = Debug|Any CPU
		{D0D18B5A-F5FB-4CF2-BCAC-08603A1FEFDC}.Debug|x64.ActiveCfg = Debug|Any CPU
		{D0D18B5A-F5FB-4CF2-BCAC-08603A1FEFDC}.Debug|x86.ActiveCfg = Debug|Any CPU
		{D0D18B5A-F5FB-4CF2-BCAC-08603A1FEFDC}.Release|Any CPU.ActiveCfg = Release|Any CPU
		{D0D18B5A-F5FB-4CF2-BCAC-08603A1FEFDC}.Release|Any CPU.Build.0 = Release|Any CPU
		{D0D18B5A-F5FB-4CF2-BCAC-08603A1FEFDC}.Release|ARM.ActiveCfg = Release|Any CPU
		{D0D18B5A-F5FB-4CF2-BCAC-08603A1FEFDC}.Release|x64.ActiveCfg = Release|Any CPU
		{D0D18B5A-F5FB-4CF2-BCAC-08603A1FEFDC}.Release|x86.ActiveCfg = Release|Any CPU
		{4CDD7D3E-B5FE-40D6-81DD-5E2C44D5A948}.Debug|Any CPU.ActiveCfg = Debug|Any CPU
		{4CDD7D3E-B5FE-40D6-81DD-5E2C44D5A948}.Debug|Any CPU.Build.0 = Debug|Any CPU
		{4CDD7D3E-B5FE-40D6-81DD-5E2C44D5A948}.Debug|ARM.ActiveCfg = Debug|Any CPU
		{4CDD7D3E-B5FE-40D6-81DD-5E2C44D5A948}.Debug|x64.ActiveCfg = Debug|Any CPU
		{4CDD7D3E-B5FE-40D6-81DD-5E2C44D5A948}.Debug|x86.ActiveCfg = Debug|Any CPU
		{4CDD7D3E-B5FE-40D6-81DD-5E2C44D5A948}.Release|Any CPU.ActiveCfg = Release|Any CPU
		{4CDD7D3E-B5FE-40D6-81DD-5E2C44D5A948}.Release|Any CPU.Build.0 = Release|Any CPU
		{4CDD7D3E-B5FE-40D6-81DD-5E2C44D5A948}.Release|ARM.ActiveCfg = Release|Any CPU
		{4CDD7D3E-B5FE-40D6-81DD-5E2C44D5A948}.Release|x64.ActiveCfg = Release|Any CPU
		{4CDD7D3E-B5FE-40D6-81DD-5E2C44D5A948}.Release|x86.ActiveCfg = Release|Any CPU
		{1043FB8A-64B5-42E9-B614-2D6DDEDA3B92}.Debug|Any CPU.ActiveCfg = Debug|Any CPU
		{1043FB8A-64B5-42E9-B614-2D6DDEDA3B92}.Debug|Any CPU.Build.0 = Debug|Any CPU
		{1043FB8A-64B5-42E9-B614-2D6DDEDA3B92}.Debug|ARM.ActiveCfg = Debug|ARM
		{1043FB8A-64B5-42E9-B614-2D6DDEDA3B92}.Debug|ARM.Build.0 = Debug|ARM
		{1043FB8A-64B5-42E9-B614-2D6DDEDA3B92}.Debug|x64.ActiveCfg = Debug|x64
		{1043FB8A-64B5-42E9-B614-2D6DDEDA3B92}.Debug|x64.Build.0 = Debug|x64
		{1043FB8A-64B5-42E9-B614-2D6DDEDA3B92}.Debug|x86.ActiveCfg = Debug|x86
		{1043FB8A-64B5-42E9-B614-2D6DDEDA3B92}.Debug|x86.Build.0 = Debug|x86
		{1043FB8A-64B5-42E9-B614-2D6DDEDA3B92}.Release|Any CPU.ActiveCfg = Release|Any CPU
		{1043FB8A-64B5-42E9-B614-2D6DDEDA3B92}.Release|Any CPU.Build.0 = Release|Any CPU
		{1043FB8A-64B5-42E9-B614-2D6DDEDA3B92}.Release|ARM.ActiveCfg = Release|ARM
		{1043FB8A-64B5-42E9-B614-2D6DDEDA3B92}.Release|ARM.Build.0 = Release|ARM
		{1043FB8A-64B5-42E9-B614-2D6DDEDA3B92}.Release|x64.ActiveCfg = Release|x64
		{1043FB8A-64B5-42E9-B614-2D6DDEDA3B92}.Release|x64.Build.0 = Release|x64
		{1043FB8A-64B5-42E9-B614-2D6DDEDA3B92}.Release|x86.ActiveCfg = Release|x86
		{1043FB8A-64B5-42E9-B614-2D6DDEDA3B92}.Release|x86.Build.0 = Release|x86
		{E3214CFE-F626-4D39-8A85-9777D840B6AE}.Debug|Any CPU.ActiveCfg = Debug|Any CPU
		{E3214CFE-F626-4D39-8A85-9777D840B6AE}.Debug|Any CPU.Build.0 = Debug|Any CPU
		{E3214CFE-F626-4D39-8A85-9777D840B6AE}.Debug|Any CPU.Deploy.0 = Debug|Any CPU
		{E3214CFE-F626-4D39-8A85-9777D840B6AE}.Debug|ARM.ActiveCfg = Debug|ARM
		{E3214CFE-F626-4D39-8A85-9777D840B6AE}.Debug|ARM.Build.0 = Debug|ARM
		{E3214CFE-F626-4D39-8A85-9777D840B6AE}.Debug|ARM.Deploy.0 = Debug|ARM
		{E3214CFE-F626-4D39-8A85-9777D840B6AE}.Debug|x64.ActiveCfg = Debug|x64
		{E3214CFE-F626-4D39-8A85-9777D840B6AE}.Debug|x64.Build.0 = Debug|x64
		{E3214CFE-F626-4D39-8A85-9777D840B6AE}.Debug|x64.Deploy.0 = Debug|x64
		{E3214CFE-F626-4D39-8A85-9777D840B6AE}.Debug|x86.ActiveCfg = Debug|x86
		{E3214CFE-F626-4D39-8A85-9777D840B6AE}.Debug|x86.Build.0 = Debug|x86
		{E3214CFE-F626-4D39-8A85-9777D840B6AE}.Debug|x86.Deploy.0 = Debug|x86
		{E3214CFE-F626-4D39-8A85-9777D840B6AE}.Release|Any CPU.ActiveCfg = Release|Any CPU
		{E3214CFE-F626-4D39-8A85-9777D840B6AE}.Release|Any CPU.Build.0 = Release|Any CPU
		{E3214CFE-F626-4D39-8A85-9777D840B6AE}.Release|Any CPU.Deploy.0 = Release|Any CPU
		{E3214CFE-F626-4D39-8A85-9777D840B6AE}.Release|ARM.ActiveCfg = Release|ARM
		{E3214CFE-F626-4D39-8A85-9777D840B6AE}.Release|ARM.Build.0 = Release|ARM
		{E3214CFE-F626-4D39-8A85-9777D840B6AE}.Release|ARM.Deploy.0 = Release|ARM
		{E3214CFE-F626-4D39-8A85-9777D840B6AE}.Release|x64.ActiveCfg = Release|x64
		{E3214CFE-F626-4D39-8A85-9777D840B6AE}.Release|x64.Build.0 = Release|x64
		{E3214CFE-F626-4D39-8A85-9777D840B6AE}.Release|x64.Deploy.0 = Release|x64
		{E3214CFE-F626-4D39-8A85-9777D840B6AE}.Release|x86.ActiveCfg = Release|x86
		{E3214CFE-F626-4D39-8A85-9777D840B6AE}.Release|x86.Build.0 = Release|x86
		{E3214CFE-F626-4D39-8A85-9777D840B6AE}.Release|x86.Deploy.0 = Release|x86
		{04367DAD-A033-4F81-A974-089A3D9350D2}.Debug|Any CPU.ActiveCfg = Debug|Any CPU
		{04367DAD-A033-4F81-A974-089A3D9350D2}.Debug|Any CPU.Build.0 = Debug|Any CPU
		{04367DAD-A033-4F81-A974-089A3D9350D2}.Debug|ARM.ActiveCfg = Debug|Any CPU
		{04367DAD-A033-4F81-A974-089A3D9350D2}.Debug|x64.ActiveCfg = Debug|Any CPU
		{04367DAD-A033-4F81-A974-089A3D9350D2}.Debug|x86.ActiveCfg = Debug|Any CPU
		{04367DAD-A033-4F81-A974-089A3D9350D2}.Release|Any CPU.ActiveCfg = Release|Any CPU
		{04367DAD-A033-4F81-A974-089A3D9350D2}.Release|Any CPU.Build.0 = Release|Any CPU
		{04367DAD-A033-4F81-A974-089A3D9350D2}.Release|ARM.ActiveCfg = Release|Any CPU
		{04367DAD-A033-4F81-A974-089A3D9350D2}.Release|x64.ActiveCfg = Release|Any CPU
		{04367DAD-A033-4F81-A974-089A3D9350D2}.Release|x86.ActiveCfg = Release|Any CPU
		{E77084E6-5155-4937-9C19-D8C6987E68BF}.Debug|Any CPU.ActiveCfg = Debug|Any CPU
		{E77084E6-5155-4937-9C19-D8C6987E68BF}.Debug|Any CPU.Build.0 = Debug|Any CPU
		{E77084E6-5155-4937-9C19-D8C6987E68BF}.Debug|ARM.ActiveCfg = Debug|ARM
		{E77084E6-5155-4937-9C19-D8C6987E68BF}.Debug|ARM.Build.0 = Debug|ARM
		{E77084E6-5155-4937-9C19-D8C6987E68BF}.Debug|x64.ActiveCfg = Debug|x64
		{E77084E6-5155-4937-9C19-D8C6987E68BF}.Debug|x64.Build.0 = Debug|x64
		{E77084E6-5155-4937-9C19-D8C6987E68BF}.Debug|x86.ActiveCfg = Debug|x86
		{E77084E6-5155-4937-9C19-D8C6987E68BF}.Debug|x86.Build.0 = Debug|x86
		{E77084E6-5155-4937-9C19-D8C6987E68BF}.Release|Any CPU.ActiveCfg = Release|Any CPU
		{E77084E6-5155-4937-9C19-D8C6987E68BF}.Release|Any CPU.Build.0 = Release|Any CPU
		{E77084E6-5155-4937-9C19-D8C6987E68BF}.Release|ARM.ActiveCfg = Release|ARM
		{E77084E6-5155-4937-9C19-D8C6987E68BF}.Release|ARM.Build.0 = Release|ARM
		{E77084E6-5155-4937-9C19-D8C6987E68BF}.Release|x64.ActiveCfg = Release|x64
		{E77084E6-5155-4937-9C19-D8C6987E68BF}.Release|x64.Build.0 = Release|x64
		{E77084E6-5155-4937-9C19-D8C6987E68BF}.Release|x86.ActiveCfg = Release|x86
		{E77084E6-5155-4937-9C19-D8C6987E68BF}.Release|x86.Build.0 = Release|x86
	EndGlobalSection
	GlobalSection(SolutionProperties) = preSolution
		HideSolutionNode = FALSE
	EndGlobalSection
	GlobalSection(NestedProjects) = preSolution
		{6D6F7AF6-BF20-45C7-86E6-05801E9AB659} = {3449E8A1-9296-45F8-9664-9744E002847E}
		{B9D1218F-5566-469D-B66C-AC5FFDE1BE2D} = {3449E8A1-9296-45F8-9664-9744E002847E}
		{76C3D50B-CA51-480F-8FCD-40F0EA98F4C6} = {3449E8A1-9296-45F8-9664-9744E002847E}
		{39FA9863-7A33-4DB8-B009-553CD76A9D5F} = {3449E8A1-9296-45F8-9664-9744E002847E}
		{1043FB8A-64B5-42E9-B614-2D6DDEDA3B92} = {3449E8A1-9296-45F8-9664-9744E002847E}
		{DE36AF9C-597F-4F18-9139-92CFBDF3FEC5} = {6D6F7AF6-BF20-45C7-86E6-05801E9AB659}
		{668D04A7-9C42-44B9-BB5C-5A418771F2EC} = {DEFE38CC-4483-4887-ACC1-E63AC3909658}
		{8217206C-674D-4136-86DE-99791435C032} = {DEFE38CC-4483-4887-ACC1-E63AC3909658}
		{8AB1C274-BDFE-4FEF-B5CA-6F4F3A0B5F41} = {668D04A7-9C42-44B9-BB5C-5A418771F2EC}
		{23BAC105-2E96-4C4E-A2C2-DF6F57CC7768} = {668D04A7-9C42-44B9-BB5C-5A418771F2EC}
		{4CDD7D3E-B5FE-40D6-81DD-5E2C44D5A948} = {8AB1C274-BDFE-4FEF-B5CA-6F4F3A0B5F41}
		{D0D18B5A-F5FB-4CF2-BCAC-08603A1FEFDC} = {8AB1C274-BDFE-4FEF-B5CA-6F4F3A0B5F41}
		{E3214CFE-F626-4D39-8A85-9777D840B6AE} = {8217206C-674D-4136-86DE-99791435C032}
		{7635E679-9EF1-47B0-9790-6A7E67EE9A10} = {8217206C-674D-4136-86DE-99791435C032}
		{E77084E6-5155-4937-9C19-D8C6987E68BF} = {8217206C-674D-4136-86DE-99791435C032}
		{04367DAD-A033-4F81-A974-089A3D9350D2} = {7635E679-9EF1-47B0-9790-6A7E67EE9A10}
	EndGlobalSection
EndGlobal
